
Microsoft Visual Studio Solution File, Format Version 9.00
# Visual Studio 2005
Project("{FAE04EC0-301F-11D3-BF4B-00C04F79EFBC}") = "PathFinderApp", "PathFinderApp.csproj", "{C860269C-831F-44D5-916F-A03BF2DA513A}"
EndProject
Global
	GlobalSection(SolutionConfigurationPlatforms) = preSolution
		Debug|Any CPU = Debug|Any CPU
		Release|Any CPU = Release|Any CPU
	EndGlobalSection
	GlobalSection(ProjectConfigurationPlatforms) = postSolution
		{C860269C-831F-44D5-916F-A03BF2DA513A}.Debug|Any CPU.ActiveCfg = Debug|Any CPU
		{C860269C-831F-44D5-916F-A03BF2DA513A}.Debug|Any CPU.Build.0 = Debug|Any CPU
		{C860269C-831F-44D5-916F-A03BF2DA513A}.Release|Any CPU.ActiveCfg = Release|Any CPU
		{C860269C-831F-44D5-916F-A03BF2DA513A}.Release|Any CPU.Build.0 = Release|Any CPU
	EndGlobalSection
	GlobalSection(SolutionProperties) = preSolution
		HideSolutionNode = FALSE
	EndGlobalSection
EndGlobal
